
Microsoft Visual Studio Solution File, Format Version 12.00
# Visual Studio Version 17
VisualStudioVersion = 17.11.35312.102
MinimumVisualStudioVersion = 10.0.40219.1
Project("{FAE04EC0-301F-11D3-BF4B-00C04F79EFBC}") = "TestDownloadPanel", "TestDownloadPanel\TestDownloadPanel.csproj", "{985D02D9-8C09-4E7E-9AA5-CD4F1515C023}"
EndProject
Global
	GlobalSection(SolutionConfigurationPlatforms) = preSolution
		Debug|Any CPU = Debug|Any CPU
		Release|Any CPU = Release|Any CPU
	EndGlobalSection
	GlobalSection(ProjectConfigurationPlatforms) = postSolution
		{985D02D9-8C09-4E7E-9AA5-CD4F1515C023}.Debug|Any CPU.ActiveCfg = Debug|Any CPU
		{985D02D9-8C09-4E7E-9AA5-CD4F1515C023}.Debug|Any CPU.Build.0 = Debug|Any CPU
		{985D02D9-8C09-4E7E-9AA5-CD4F1515C023}.Release|Any CPU.ActiveCfg = Release|Any CPU
		{985D02D9-8C09-4E7E-9AA5-CD4F1515C023}.Release|Any CPU.Build.0 = Release|Any CPU
	EndGlobalSection
	GlobalSection(SolutionProperties) = preSolution
		HideSolutionNode = FALSE
	EndGlobalSection
	GlobalSection(ExtensibilityGlobals) = postSolution
		SolutionGuid = {F5A5FBDD-D50D-45A0-961E-A051510DD285}
	EndGlobalSection
EndGlobal
